
Microsoft Visual Studio Solution File, Format Version 12.00
# Visual Studio 15
VisualStudioVersion = 15.0.28307.421
MinimumVisualStudioVersion = 10.0.40219.1
Project("{FAE04EC0-301F-11D3-BF4B-00C04F79EFBC}") = "DDDReflection", "DDDReflection\DDDReflection.csproj", "{BA44BDFC-5095-4F9C-93A7-1BCC9C27C454}"
EndProject
Project("{FAE04EC0-301F-11D3-BF4B-00C04F79EFBC}") = "Framework", "Framework\Framework.csproj", "{870E2F49-52A5-419C-B48F-7197E407FFFB}"
EndProject
Project("{FAE04EC0-301F-11D3-BF4B-00C04F79EFBC}") = "UserDomain", "UserDomain\UserDomain.csproj", "{B5ACD40F-C63A-44DA-8A48-A940720337F4}"
EndProject
Global
	GlobalSection(SolutionConfigurationPlatforms) = preSolution
		Debug|Any CPU = Debug|Any CPU
		Release|Any CPU = Release|Any CPU
	EndGlobalSection
	GlobalSection(ProjectConfigurationPlatforms) = postSolution
		{BA44BDFC-5095-4F9C-93A7-1BCC9C27C454}.Debug|Any CPU.ActiveCfg = Debug|Any CPU
		{BA44BDFC-5095-4F9C-93A7-1BCC9C27C454}.Debug|Any CPU.Build.0 = Debug|Any CPU
		{BA44BDFC-5095-4F9C-93A7-1BCC9C27C454}.Release|Any CPU.ActiveCfg = Release|Any CPU
		{BA44BDFC-5095-4F9C-93A7-1BCC9C27C454}.Release|Any CPU.Build.0 = Release|Any CPU
		{870E2F49-52A5-419C-B48F-7197E407FFFB}.Debug|Any CPU.ActiveCfg = Debug|Any CPU
		{870E2F49-52A5-419C-B48F-7197E407FFFB}.Debug|Any CPU.Build.0 = Debug|Any CPU
		{870E2F49-52A5-419C-B48F-7197E407FFFB}.Release|Any CPU.ActiveCfg = Release|Any CPU
		{870E2F49-52A5-419C-B48F-7197E407FFFB}.Release|Any CPU.Build.0 = Release|Any CPU
		{B5ACD40F-C63A-44DA-8A48-A940720337F4}.Debug|Any CPU.ActiveCfg = Debug|Any CPU
		{B5ACD40F-C63A-44DA-8A48-A940720337F4}.Debug|Any CPU.Build.0 = Debug|Any CPU
		{B5ACD40F-C63A-44DA-8A48-A940720337F4}.Release|Any CPU.ActiveCfg = Release|Any CPU
		{B5ACD40F-C63A-44DA-8A48-A940720337F4}.Release|Any CPU.Build.0 = Release|Any CPU
	EndGlobalSection
	GlobalSection(SolutionProperties) = preSolution
		HideSolutionNode = FALSE
	EndGlobalSection
	GlobalSection(ExtensibilityGlobals) = postSolution
		SolutionGuid = {7294F894-705D-4691-B9D4-B345586D1AF4}
	EndGlobalSection
EndGlobal
